// !$*UTF8*$!
{
	archiveVersion = 1;
	classes = {
	};
	objectVersion = 50;
	objects = {

/* Begin PBXBuildFile section */
		8A16A56A22EEE667007AE4EC /* GithubManager.swift in Sources */ = {isa = PBXBuildFile; fileRef = 8A16A56922EEE667007AE4EC /* GithubManager.swift */; };
		8A16A58122EF19FC007AE4EC /* IssueResponse.swift in Sources */ = {isa = PBXBuildFile; fileRef = 8A16A58022EF19FC007AE4EC /* IssueResponse.swift */; };
		8A16A58322EF1A16007AE4EC /* IssueUser.swift in Sources */ = {isa = PBXBuildFile; fileRef = 8A16A58222EF1A16007AE4EC /* IssueUser.swift */; };
		8A16A58522EF1A2C007AE4EC /* IssueLabel.swift in Sources */ = {isa = PBXBuildFile; fileRef = 8A16A58422EF1A2C007AE4EC /* IssueLabel.swift */; };
		8A70601F22E606920069F4EE /* RestManager.swift in Sources */ = {isa = PBXBuildFile; fileRef = 8A70601E22E606920069F4EE /* RestManager.swift */; };
		8A70602222E606B90069F4EE /* URLSessionExt.swift in Sources */ = {isa = PBXBuildFile; fileRef = 8A70602122E606B90069F4EE /* URLSessionExt.swift */; };
		8A70602622E6082D0069F4EE /* RequestMethod.swift in Sources */ = {isa = PBXBuildFile; fileRef = 8A70602522E6082D0069F4EE /* RequestMethod.swift */; };
		8A70602822E6084C0069F4EE /* RequestHeaderFields.swift in Sources */ = {isa = PBXBuildFile; fileRef = 8A70602722E6084C0069F4EE /* RequestHeaderFields.swift */; };
		8A70602A22E60D7D0069F4EE /* CharacterSetExt.swift in Sources */ = {isa = PBXBuildFile; fileRef = 8A70602922E60D7D0069F4EE /* CharacterSetExt.swift */; };
		8A70602D22E610B30069F4EE /* ErrorEnum.swift in Sources */ = {isa = PBXBuildFile; fileRef = 8A70602C22E610B30069F4EE /* ErrorEnum.swift */; };
		8ABD12CB22E06ED900C62BB1 /* AppDelegate.swift in Sources */ = {isa = PBXBuildFile; fileRef = 8ABD12CA22E06ED900C62BB1 /* AppDelegate.swift */; };
		8ABD12CD22E06ED900C62BB1 /* ViewController.swift in Sources */ = {isa = PBXBuildFile; fileRef = 8ABD12CC22E06ED900C62BB1 /* ViewController.swift */; };
		8ABD12D022E06ED900C62BB1 /* Main.storyboard in Resources */ = {isa = PBXBuildFile; fileRef = 8ABD12CE22E06ED900C62BB1 /* Main.storyboard */; };
		8ABD12D222E06EDB00C62BB1 /* Assets.xcassets in Resources */ = {isa = PBXBuildFile; fileRef = 8ABD12D122E06EDB00C62BB1 /* Assets.xcassets */; };
		8ABD12D522E06EDB00C62BB1 /* LaunchScreen.storyboard in Resources */ = {isa = PBXBuildFile; fileRef = 8ABD12D322E06EDB00C62BB1 /* LaunchScreen.storyboard */; };
		8AE9AA1422EB0887006D2F95 /* URLRequestExt.swift in Sources */ = {isa = PBXBuildFile; fileRef = 8AE9AA1322EB0887006D2F95 /* URLRequestExt.swift */; };
		8AE9AA1822EB1243006D2F95 /* NetworkErrorExt.swift in Sources */ = {isa = PBXBuildFile; fileRef = 8AE9AA1722EB1243006D2F95 /* NetworkErrorExt.swift */; };
/* End PBXBuildFile section */

/* Begin PBXFileReference section */
		8A16A56922EEE667007AE4EC /* GithubManager.swift */ = {isa = PBXFileReference; lastKnownFileType = sourcecode.swift; path = GithubManager.swift; sourceTree = "<group>"; };
		8A16A58022EF19FC007AE4EC /* IssueResponse.swift */ = {isa = PBXFileReference; lastKnownFileType = sourcecode.swift; path = IssueResponse.swift; sourceTree = "<group>"; };
		8A16A58222EF1A16007AE4EC /* IssueUser.swift */ = {isa = PBXFileReference; lastKnownFileType = sourcecode.swift; path = IssueUser.swift; sourceTree = "<group>"; };
		8A16A58422EF1A2C007AE4EC /* IssueLabel.swift */ = {isa = PBXFileReference; lastKnownFileType = sourcecode.swift; path = IssueLabel.swift; sourceTree = "<group>"; };
		8A70601E22E606920069F4EE /* RestManager.swift */ = {isa = PBXFileReference; lastKnownFileType = sourcecode.swift; path = RestManager.swift; sourceTree = "<group>"; };
		8A70602122E606B90069F4EE /* URLSessionExt.swift */ = {isa = PBXFileReference; lastKnownFileType = sourcecode.swift; path = URLSessionExt.swift; sourceTree = "<group>"; };
		8A70602522E6082D0069F4EE /* RequestMethod.swift */ = {isa = PBXFileReference; lastKnownFileType = sourcecode.swift; path = RequestMethod.swift; sourceTree = "<group>"; };
		8A70602722E6084C0069F4EE /* RequestHeaderFields.swift */ = {isa = PBXFileReference; lastKnownFileType = sourcecode.swift; path = RequestHeaderFields.swift; sourceTree = "<group>"; };
		8A70602922E60D7D0069F4EE /* CharacterSetExt.swift */ = {isa = PBXFileReference; lastKnownFileType = sourcecode.swift; path = CharacterSetExt.swift; sourceTree = "<group>"; };
		8A70602C22E610B30069F4EE /* ErrorEnum.swift */ = {isa = PBXFileReference; lastKnownFileType = sourcecode.swift; path = ErrorEnum.swift; sourceTree = "<group>"; };
		8ABD12C722E06ED900C62BB1 /* Waffle-Clone.app */ = {isa = PBXFileReference; explicitFileType = wrapper.application; includeInIndex = 0; path = "Waffle-Clone.app"; sourceTree = BUILT_PRODUCTS_DIR; };
		8ABD12CA22E06ED900C62BB1 /* AppDelegate.swift */ = {isa = PBXFileReference; lastKnownFileType = sourcecode.swift; path = AppDelegate.swift; sourceTree = "<group>"; };
		8ABD12CC22E06ED900C62BB1 /* ViewController.swift */ = {isa = PBXFileReference; lastKnownFileType = sourcecode.swift; path = ViewController.swift; sourceTree = "<group>"; };
		8ABD12CF22E06ED900C62BB1 /* Base */ = {isa = PBXFileReference; lastKnownFileType = file.storyboard; name = Base; path = Base.lproj/Main.storyboard; sourceTree = "<group>"; };
		8ABD12D122E06EDB00C62BB1 /* Assets.xcassets */ = {isa = PBXFileReference; lastKnownFileType = folder.assetcatalog; path = Assets.xcassets; sourceTree = "<group>"; };
		8ABD12D422E06EDB00C62BB1 /* Base */ = {isa = PBXFileReference; lastKnownFileType = file.storyboard; name = Base; path = Base.lproj/LaunchScreen.storyboard; sourceTree = "<group>"; };
		8ABD12D622E06EDB00C62BB1 /* Info.plist */ = {isa = PBXFileReference; lastKnownFileType = text.plist.xml; path = Info.plist; sourceTree = "<group>"; };
		8AE9AA1322EB0887006D2F95 /* URLRequestExt.swift */ = {isa = PBXFileReference; lastKnownFileType = sourcecode.swift; path = URLRequestExt.swift; sourceTree = "<group>"; };
		8AE9AA1722EB1243006D2F95 /* NetworkErrorExt.swift */ = {isa = PBXFileReference; lastKnownFileType = sourcecode.swift; path = NetworkErrorExt.swift; sourceTree = "<group>"; };
/* End PBXFileReference section */

/* Begin PBXFrameworksBuildPhase section */
		8ABD12C422E06ED900C62BB1 /* Frameworks */ = {
			isa = PBXFrameworksBuildPhase;
			buildActionMask = 2147483647;
			files = (
			);
			runOnlyForDeploymentPostprocessing = 0;
		};
/* End PBXFrameworksBuildPhase section */

/* Begin PBXGroup section */
		8A16A56822EEE656007AE4EC /* Github */ = {
			isa = PBXGroup;
			children = (
				8A16A56922EEE667007AE4EC /* GithubManager.swift */,
			);
			path = Github;
			sourceTree = "<group>";
		};
		8A16A57E22EF18F3007AE4EC /* Models */ = {
			isa = PBXGroup;
			children = (
				8A16A57F22EF18FA007AE4EC /* Issue */,
			);
			path = Models;
			sourceTree = "<group>";
		};
		8A16A57F22EF18FA007AE4EC /* Issue */ = {
			isa = PBXGroup;
			children = (
				8A16A58022EF19FC007AE4EC /* IssueResponse.swift */,
				8A16A58222EF1A16007AE4EC /* IssueUser.swift */,
				8A16A58422EF1A2C007AE4EC /* IssueLabel.swift */,
			);
			path = Issue;
			sourceTree = "<group>";
		};
		8A35BEFC22E8815300D51F22 /* Enums */ = {
			isa = PBXGroup;
			children = (
				8A70602C22E610B30069F4EE /* ErrorEnum.swift */,
				8A70602522E6082D0069F4EE /* RequestMethod.swift */,
				8A70602722E6084C0069F4EE /* RequestHeaderFields.swift */,
			);
			path = Enums;
			sourceTree = "<group>";
		};
		8A70601C22E6066A0069F4EE /* Manager */ = {
			isa = PBXGroup;
			children = (
				8A16A56822EEE656007AE4EC /* Github */,
				8A70601D22E606720069F4EE /* REST */,
			);
			path = Manager;
			sourceTree = "<group>";
		};
		8A70601D22E606720069F4EE /* REST */ = {
			isa = PBXGroup;
			children = (
				8A35BEFC22E8815300D51F22 /* Enums */,
				8A70602022E606A60069F4EE /* Extensions */,
				8A70601E22E606920069F4EE /* RestManager.swift */,
			);
			path = REST;
			sourceTree = "<group>";
		};
		8A70602022E606A60069F4EE /* Extensions */ = {
			isa = PBXGroup;
			children = (
				8A70602922E60D7D0069F4EE /* CharacterSetExt.swift */,
				8A70602122E606B90069F4EE /* URLSessionExt.swift */,
				8AE9AA1322EB0887006D2F95 /* URLRequestExt.swift */,
				8AE9AA1722EB1243006D2F95 /* NetworkErrorExt.swift */,
			);
			path = Extensions;
			sourceTree = "<group>";
		};
		8ABD12BE22E06ED900C62BB1 = {
			isa = PBXGroup;
			children = (
				8ABD12C922E06ED900C62BB1 /* Waffle-Clone */,
				8ABD12C822E06ED900C62BB1 /* Products */,
			);
			sourceTree = "<group>";
		};
		8ABD12C822E06ED900C62BB1 /* Products */ = {
			isa = PBXGroup;
			children = (
				8ABD12C722E06ED900C62BB1 /* Waffle-Clone.app */,
			);
			name = Products;
			sourceTree = "<group>";
		};
		8ABD12C922E06ED900C62BB1 /* Waffle-Clone */ = {
			isa = PBXGroup;
			children = (
				8A16A57E22EF18F3007AE4EC /* Models */,
				8A70601C22E6066A0069F4EE /* Manager */,
				8ABD12CA22E06ED900C62BB1 /* AppDelegate.swift */,
				8ABD12CC22E06ED900C62BB1 /* ViewController.swift */,
				8ABD12CE22E06ED900C62BB1 /* Main.storyboard */,
				8ABD12D122E06EDB00C62BB1 /* Assets.xcassets */,
				8ABD12D322E06EDB00C62BB1 /* LaunchScreen.storyboard */,
				8ABD12D622E06EDB00C62BB1 /* Info.plist */,
			);
			path = "Waffle-Clone";
			sourceTree = "<group>";
		};
/* End PBXGroup section */

/* Begin PBXNativeTarget section */
		8ABD12C622E06ED900C62BB1 /* Waffle-Clone */ = {
			isa = PBXNativeTarget;
			buildConfigurationList = 8ABD12D922E06EDB00C62BB1 /* Build configuration list for PBXNativeTarget "Waffle-Clone" */;
			buildPhases = (
				8ABD12C322E06ED900C62BB1 /* Sources */,
				8ABD12C422E06ED900C62BB1 /* Frameworks */,
				8ABD12C522E06ED900C62BB1 /* Resources */,
			);
			buildRules = (
			);
			dependencies = (
			);
			name = "Waffle-Clone";
			productName = "Waffle-Clone";
			productReference = 8ABD12C722E06ED900C62BB1 /* Waffle-Clone.app */;
			productType = "com.apple.product-type.application";
		};
/* End PBXNativeTarget section */

/* Begin PBXProject section */
		8ABD12BF22E06ED900C62BB1 /* Project object */ = {
			isa = PBXProject;
			attributes = {
				LastSwiftUpdateCheck = 1020;
				LastUpgradeCheck = 1020;
				ORGANIZATIONNAME = Tumba;
				TargetAttributes = {
					8ABD12C622E06ED900C62BB1 = {
						CreatedOnToolsVersion = 10.2.1;
					};
				};
			};
			buildConfigurationList = 8ABD12C222E06ED900C62BB1 /* Build configuration list for PBXProject "Waffle-Clone" */;
			compatibilityVersion = "Xcode 9.3";
			developmentRegion = en;
			hasScannedForEncodings = 0;
			knownRegions = (
				en,
				Base,
			);
			mainGroup = 8ABD12BE22E06ED900C62BB1;
			productRefGroup = 8ABD12C822E06ED900C62BB1 /* Products */;
			projectDirPath = "";
			projectRoot = "";
			targets = (
				8ABD12C622E06ED900C62BB1 /* Waffle-Clone */,
			);
		};
/* End PBXProject section */

/* Begin PBXResourcesBuildPhase section */
		8ABD12C522E06ED900C62BB1 /* Resources */ = {
			isa = PBXResourcesBuildPhase;
			buildActionMask = 2147483647;
			files = (
				8ABD12D522E06EDB00C62BB1 /* LaunchScreen.storyboard in Resources */,
				8ABD12D222E06EDB00C62BB1 /* Assets.xcassets in Resources */,
				8ABD12D022E06ED900C62BB1 /* Main.storyboard in Resources */,
			);
			runOnlyForDeploymentPostprocessing = 0;
		};
/* End PBXResourcesBuildPhase section */

/* Begin PBXSourcesBuildPhase section */
		8ABD12C322E06ED900C62BB1 /* Sources */ = {
			isa = PBXSourcesBuildPhase;
			buildActionMask = 2147483647;
			files = (
				8A70601F22E606920069F4EE /* RestManager.swift in Sources */,
				8ABD12CD22E06ED900C62BB1 /* ViewController.swift in Sources */,
				8A16A56A22EEE667007AE4EC /* GithubManager.swift in Sources */,
				8A70602D22E610B30069F4EE /* ErrorEnum.swift in Sources */,
				8A16A58522EF1A2C007AE4EC /* IssueLabel.swift in Sources */,
				8A16A58322EF1A16007AE4EC /* IssueUser.swift in Sources */,
				8AE9AA1822EB1243006D2F95 /* NetworkErrorExt.swift in Sources */,
				8A70602222E606B90069F4EE /* URLSessionExt.swift in Sources */,
				8A70602822E6084C0069F4EE /* RequestHeaderFields.swift in Sources */,
				8A70602622E6082D0069F4EE /* RequestMethod.swift in Sources */,
				8A70602A22E60D7D0069F4EE /* CharacterSetExt.swift in Sources */,
				8ABD12CB22E06ED900C62BB1 /* AppDelegate.swift in Sources */,
				8A16A58122EF19FC007AE4EC /* IssueResponse.swift in Sources */,
				8AE9AA1422EB0887006D2F95 /* URLRequestExt.swift in Sources */,
			);
			runOnlyForDeploymentPostprocessing = 0;
		};
/* End PBXSourcesBuildPhase section */

/* Begin PBXVariantGroup section */
		8ABD12CE22E06ED900C62BB1 /* Main.storyboard */ = {
			isa = PBXVariantGroup;
			children = (
				8ABD12CF22E06ED900C62BB1 /* Base */,
			);
			name = Main.storyboard;
			sourceTree = "<group>";
		};
		8ABD12D322E06EDB00C62BB1 /* LaunchScreen.storyboard */ = {
			isa = PBXVariantGroup;
			children = (
				8ABD12D422E06EDB00C62BB1 /* Base */,
			);
			name = LaunchScreen.storyboard;
			sourceTree = "<group>";
		};
/* End PBXVariantGroup section */

/* Begin XCBuildConfiguration section */
		8ABD12D722E06EDB00C62BB1 /* Debug */ = {
			isa = XCBuildConfiguration;
			buildSettings = {
				ALWAYS_SEARCH_USER_PATHS = NO;
				CLANG_ANALYZER_NONNULL = YES;
				CLANG_ANALYZER_NUMBER_OBJECT_CONVERSION = YES_AGGRESSIVE;
				CLANG_CXX_LANGUAGE_STANDARD = "gnu++14";
				CLANG_CXX_LIBRARY = "libc++";
				CLANG_ENABLE_MODULES = YES;
				CLANG_ENABLE_OBJC_ARC = YES;
				CLANG_ENABLE_OBJC_WEAK = YES;
				CLANG_WARN_BLOCK_CAPTURE_AUTORELEASING = YES;
				CLANG_WARN_BOOL_CONVERSION = YES;
				CLANG_WARN_COMMA = YES;
				CLANG_WARN_CONSTANT_CONVERSION = YES;
				CLANG_WARN_DEPRECATED_OBJC_IMPLEMENTATIONS = YES;
				CLANG_WARN_DIRECT_OBJC_ISA_USAGE = YES_ERROR;
				CLANG_WARN_DOCUMENTATION_COMMENTS = YES;
				CLANG_WARN_EMPTY_BODY = YES;
				CLANG_WARN_ENUM_CONVERSION = YES;
				CLANG_WARN_INFINITE_RECURSION = YES;
				CLANG_WARN_INT_CONVERSION = YES;
				CLANG_WARN_NON_LITERAL_NULL_CONVERSION = YES;
				CLANG_WARN_OBJC_IMPLICIT_RETAIN_SELF = YES;
				CLANG_WARN_OBJC_LITERAL_CONVERSION = YES;
				CLANG_WARN_OBJC_ROOT_CLASS = YES_ERROR;
				CLANG_WARN_RANGE_LOOP_ANALYSIS = YES;
				CLANG_WARN_STRICT_PROTOTYPES = YES;
				CLANG_WARN_SUSPICIOUS_MOVE = YES;
				CLANG_WARN_UNGUARDED_AVAILABILITY = YES_AGGRESSIVE;
				CLANG_WARN_UNREACHABLE_CODE = YES;
				CLANG_WARN__DUPLICATE_METHOD_MATCH = YES;
				CODE_SIGN_IDENTITY = "iPhone Developer";
				COPY_PHASE_STRIP = NO;
				DEBUG_INFORMATION_FORMAT = dwarf;
				ENABLE_STRICT_OBJC_MSGSEND = YES;
				ENABLE_TESTABILITY = YES;
				GCC_C_LANGUAGE_STANDARD = gnu11;
				GCC_DYNAMIC_NO_PIC = NO;
				GCC_NO_COMMON_BLOCKS = YES;
				GCC_OPTIMIZATION_LEVEL = 0;
				GCC_PREPROCESSOR_DEFINITIONS = (
					"DEBUG=1",
					"$(inherited)",
				);
				GCC_WARN_64_TO_32_BIT_CONVERSION = YES;
				GCC_WARN_ABOUT_RETURN_TYPE = YES_ERROR;
				GCC_WARN_UNDECLARED_SELECTOR = YES;
				GCC_WARN_UNINITIALIZED_AUTOS = YES_AGGRESSIVE;
				GCC_WARN_UNUSED_FUNCTION = YES;
				GCC_WARN_UNUSED_VARIABLE = YES;
				IPHONEOS_DEPLOYMENT_TARGET = 12.2;
				MTL_ENABLE_DEBUG_INFO = INCLUDE_SOURCE;
				MTL_FAST_MATH = YES;
				ONLY_ACTIVE_ARCH = YES;
				SDKROOT = iphoneos;
				SWIFT_ACTIVE_COMPILATION_CONDITIONS = DEBUG;
				SWIFT_OPTIMIZATION_LEVEL = "-Onone";
			};
			name = Debug;
		};
		8ABD12D822E06EDB00C62BB1 /* Release */ = {
			isa = XCBuildConfiguration;
			buildSettings = {
				ALWAYS_SEARCH_USER_PATHS = NO;
				CLANG_ANALYZER_NONNULL = YES;
				CLANG_ANALYZER_NUMBER_OBJECT_CONVERSION = YES_AGGRESSIVE;
				CLANG_CXX_LANGUAGE_STANDARD = "gnu++14";
				CLANG_CXX_LIBRARY = "libc++";
				CLANG_ENABLE_MODULES = YES;
				CLANG_ENABLE_OBJC_ARC = YES;
				CLANG_ENABLE_OBJC_WEAK = YES;
				CLANG_WARN_BLOCK_CAPTURE_AUTORELEASING = YES;
				CLANG_WARN_BOOL_CONVERSION = YES;
				CLANG_WARN_COMMA = YES;
				CLANG_WARN_CONSTANT_CONVERSION = YES;
				CLANG_WARN_DEPRECATED_OBJC_IMPLEMENTATIONS = YES;
				CLANG_WARN_DIRECT_OBJC_ISA_USAGE = YES_ERROR;
				CLANG_WARN_DOCUMENTATION_COMMENTS = YES;
				CLANG_WARN_EMPTY_BODY = YES;
				CLANG_WARN_ENUM_CONVERSION = YES;
				CLANG_WARN_INFINITE_RECURSION = YES;
				CLANG_WARN_INT_CONVERSION = YES;
				CLANG_WARN_NON_LITERAL_NULL_CONVERSION = YES;
				CLANG_WARN_OBJC_IMPLICIT_RETAIN_SELF = YES;
				CLANG_WARN_OBJC_LITERAL_CONVERSION = YES;
				CLANG_WARN_OBJC_ROOT_CLASS = YES_ERROR;
				CLANG_WARN_RANGE_LOOP_ANALYSIS = YES;
				CLANG_WARN_STRICT_PROTOTYPES = YES;
				CLANG_WARN_SUSPICIOUS_MOVE = YES;
				CLANG_WARN_UNGUARDED_AVAILABILITY = YES_AGGRESSIVE;
				CLANG_WARN_UNREACHABLE_CODE = YES;
				CLANG_WARN__DUPLICATE_METHOD_MATCH = YES;
				CODE_SIGN_IDENTITY = "iPhone Developer";
				COPY_PHASE_STRIP = NO;
				DEBUG_INFORMATION_FORMAT = "dwarf-with-dsym";
				ENABLE_NS_ASSERTIONS = NO;
				ENABLE_STRICT_OBJC_MSGSEND = YES;
				GCC_C_LANGUAGE_STANDARD = gnu11;
				GCC_NO_COMMON_BLOCKS = YES;
				GCC_WARN_64_TO_32_BIT_CONVERSION = YES;
				GCC_WARN_ABOUT_RETURN_TYPE = YES_ERROR;
				GCC_WARN_UNDECLARED_SELECTOR = YES;
				GCC_WARN_UNINITIALIZED_AUTOS = YES_AGGRESSIVE;
				GCC_WARN_UNUSED_FUNCTION = YES;
				GCC_WARN_UNUSED_VARIABLE = YES;
				IPHONEOS_DEPLOYMENT_TARGET = 12.2;
				MTL_ENABLE_DEBUG_INFO = NO;
				MTL_FAST_MATH = YES;
				SDKROOT = iphoneos;
				SWIFT_COMPILATION_MODE = wholemodule;
				SWIFT_OPTIMIZATION_LEVEL = "-O";
				VALIDATE_PRODUCT = YES;
			};
			name = Release;
		};
		8ABD12DA22E06EDB00C62BB1 /* Debug */ = {
			isa = XCBuildConfiguration;
			buildSettings = {
				ASSETCATALOG_COMPILER_APPICON_NAME = AppIcon;
				CODE_SIGN_STYLE = Automatic;
				DEVELOPMENT_TEAM = WRLZKG56TW;
				INFOPLIST_FILE = "Waffle-Clone/Info.plist";
				LD_RUNPATH_SEARCH_PATHS = (
					"$(inherited)",
					"@executable_path/Frameworks",
				);
				PRODUCT_BUNDLE_IDENTIFIER = "lyubo.valkov.Waffle-Clone";
				PRODUCT_NAME = "$(TARGET_NAME)";
				SWIFT_VERSION = 5.0;
				TARGETED_DEVICE_FAMILY = "1,2";
			};
			name = Debug;
		};
		8ABD12DB22E06EDB00C62BB1 /* Release */ = {
			isa = XCBuildConfiguration;
			buildSettings = {
				ASSETCATALOG_COMPILER_APPICON_NAME = AppIcon;
				CODE_SIGN_STYLE = Automatic;
				DEVELOPMENT_TEAM = WRLZKG56TW;
				INFOPLIST_FILE = "Waffle-Clone/Info.plist";
				LD_RUNPATH_SEARCH_PATHS = (
					"$(inherited)",
					"@executable_path/Frameworks",
				);
				PRODUCT_BUNDLE_IDENTIFIER = "lyubo.valkov.Waffle-Clone";
				PRODUCT_NAME = "$(TARGET_NAME)";
				SWIFT_VERSION = 5.0;
				TARGETED_DEVICE_FAMILY = "1,2";
			};
			name = Release;
		};
/* End XCBuildConfiguration section */

/* Begin XCConfigurationList section */
		8ABD12C222E06ED900C62BB1 /* Build configuration list for PBXProject "Waffle-Clone" */ = {
			isa = XCConfigurationList;
			buildConfigurations = (
				8ABD12D722E06EDB00C62BB1 /* Debug */,
				8ABD12D822E06EDB00C62BB1 /* Release */,
			);
			defaultConfigurationIsVisible = 0;
			defaultConfigurationName = Release;
		};
		8ABD12D922E06EDB00C62BB1 /* Build configuration list for PBXNativeTarget "Waffle-Clone" */ = {
			isa = XCConfigurationList;
			buildConfigurations = (
				8ABD12DA22E06EDB00C62BB1 /* Debug */,
				8ABD12DB22E06EDB00C62BB1 /* Release */,
			);
			defaultConfigurationIsVisible = 0;
			defaultConfigurationName = Release;
		};
/* End XCConfigurationList section */
	};
	rootObject = 8ABD12BF22E06ED900C62BB1 /* Project object */;
}
